// !$*UTF8*$!
{
	archiveVersion = 1;
	classes = {
	};
	objectVersion = 46;
	objects = {

/* Begin PBXBuildFile section */
		0377D76BF2A4C9AC0592B50C /* cpu_depth_packet_processor.cpp in Sources */ = {isa = PBXBuildFile; fileRef = CB0AAEF2A3FA54141D4F0D4B /* cpu_depth_packet_processor.cpp */; };
		113A160520776063FCA6C700 /* depth_packet_processor.cpp in Sources */ = {isa = PBXBuildFile; fileRef = 9A9980E8A05D35D7DA7D4647 /* depth_packet_processor.cpp */; };
		193F7574463278E7BC2115EC /* packet_pipeline.cpp in Sources */ = {isa = PBXBuildFile; fileRef = 1168104486961FABB6231A06 /* packet_pipeline.cpp */; };
		32E193ACF8A7921F12F2D3C4 /* rgb_packet_stream_parser.cpp in Sources */ = {isa = PBXBuildFile; fileRef = 499F552A559CE91A47BB94B0 /* rgb_packet_stream_parser.cpp */; };
		4306E5BDC86876FB50AE685C /* opengl_depth_packet_processor.cpp in Sources */ = {isa = PBXBuildFile; fileRef = E1DEE55DD28B8958C453014A /* opengl_depth_packet_processor.cpp */; };
		472540F6C1AC728D75793472 /* command_transaction.cpp in Sources */ = {isa = PBXBuildFile; fileRef = BFE9E22384A646CC8BF59FCB /* command_transaction.cpp */; };
		67DF4A22C69D9260F14C871B /* logging.cpp in Sources */ = {isa = PBXBuildFile; fileRef = 88C25AB5A9E150E0FE8DB2E5 /* logging.cpp */; };
		7F14FDC8FC2A8364A07228F8 /* depth_packet_stream_parser.cpp in Sources */ = {isa = PBXBuildFile; fileRef = 1AD58A9D881BE9B881B0F4BC /* depth_packet_stream_parser.cpp */; };
		871A2C7EB298C6E7213403F8 /* ofProtonect.cpp in Sources */ = {isa = PBXBuildFile; fileRef = B0109750A0D3C797152FA9FA /* ofProtonect.cpp */; };
		940C9FAA45B4D147203CF5A2 /* resource.cpp in Sources */ = {isa = PBXBuildFile; fileRef = 846F5828E343437985669C60 /* resource.cpp */; };
		A85029701CC0AC22A2C935E7 /* rgb_packet_processor.cpp in Sources */ = {isa = PBXBuildFile; fileRef = 8ACB27FC2EF2D35C35BBE2A3 /* rgb_packet_processor.cpp */; };
		B65594D6556A05D6A1B48E14 /* frame_listener_impl.cpp in Sources */ = {isa = PBXBuildFile; fileRef = 388D6BD3141D1A3692C6C748 /* frame_listener_impl.cpp */; };
		C3FADE9F8634F788D575CC7B /* transfer_pool.cpp in Sources */ = {isa = PBXBuildFile; fileRef = 126B9013B7598CABD71CC59C /* transfer_pool.cpp */; };
		CF159C02F7ABCA55E3ECAA55 /* double_buffer.cpp in Sources */ = {isa = PBXBuildFile; fileRef = F48DA74EE05969866CF939D6 /* double_buffer.cpp */; };
		D18574094FC9C8E453F952EB /* registration.cpp in Sources */ = {isa = PBXBuildFile; fileRef = 7D08F3C82AD64E10BD3FB723 /* registration.cpp */; };
		D7250AD84540A0623627DC28 /* flextGL.cpp in Sources */ = {isa = PBXBuildFile; fileRef = A8741321E03933398197E1E5 /* flextGL.cpp */; };
		DBB098DE5054CEAD6812B83B /* libfreenect2.cpp in Sources */ = {isa = PBXBuildFile; fileRef = C0E4F0E98B59D20C971C39B0 /* libfreenect2.cpp */; };
		E2CC77E327DFB995F7D54F4D /* ofRGBPacketProcessor.cpp in Sources */ = {isa = PBXBuildFile; fileRef = F9B07F7354284F7E5FA30CB8 /* ofRGBPacketProcessor.cpp */; };
		E3EFFFFCBBAF63136866B6B7 /* ofxKinectV2.cpp in Sources */ = {isa = PBXBuildFile; fileRef = C63A20974FC27179384D6B1B /* ofxKinectV2.cpp */; };
		E4328149138ABC9F0047C5CB /* openFrameworksDebug.a in Frameworks */ = {isa = PBXBuildFile; fileRef = E4328148138ABC890047C5CB /* openFrameworksDebug.a */; };
		E44C5F041BFA8E8400C8F024 /* ofxBaseGui.cpp in Sources */ = {isa = PBXBuildFile; fileRef = E44C5EF31BFA8E8400C8F024 /* ofxBaseGui.cpp */; };
		E44C5F051BFA8E8400C8F024 /* ofxButton.cpp in Sources */ = {isa = PBXBuildFile; fileRef = E44C5EF51BFA8E8400C8F024 /* ofxButton.cpp */; };
		E44C5F061BFA8E8400C8F024 /* ofxGuiGroup.cpp in Sources */ = {isa = PBXBuildFile; fileRef = E44C5EF81BFA8E8400C8F024 /* ofxGuiGroup.cpp */; };
		E44C5F071BFA8E8400C8F024 /* ofxLabel.cpp in Sources */ = {isa = PBXBuildFile; fileRef = E44C5EFA1BFA8E8400C8F024 /* ofxLabel.cpp */; };
		E44C5F081BFA8E8400C8F024 /* ofxPanel.cpp in Sources */ = {isa = PBXBuildFile; fileRef = E44C5EFC1BFA8E8400C8F024 /* ofxPanel.cpp */; };
		E44C5F091BFA8E8400C8F024 /* ofxSlider.cpp in Sources */ = {isa = PBXBuildFile; fileRef = E44C5EFE1BFA8E8400C8F024 /* ofxSlider.cpp */; };
		E44C5F0A1BFA8E8400C8F024 /* ofxSliderGroup.cpp in Sources */ = {isa = PBXBuildFile; fileRef = E44C5F001BFA8E8400C8F024 /* ofxSliderGroup.cpp */; };
		E44C5F0B1BFA8E8400C8F024 /* ofxToggle.cpp in Sources */ = {isa = PBXBuildFile; fileRef = E44C5F021BFA8E8400C8F024 /* ofxToggle.cpp */; };
		E46BBBA01BFBD66500EB61DB /* opencl_depth_packet_processor.cpp in Sources */ = {isa = PBXBuildFile; fileRef = E46BBB9E1BFBD66500EB61DB /* opencl_depth_packet_processor.cpp */; };
		E46BBBA21BFBD7C800EB61DB /* OpenCL.framework in Frameworks */ = {isa = PBXBuildFile; fileRef = E46BBBA11BFBD7C800EB61DB /* OpenCL.framework */; };
		E4B69E200A3A1BDC003C02F2 /* main.cpp in Sources */ = {isa = PBXBuildFile; fileRef = E4B69E1D0A3A1BDC003C02F2 /* main.cpp */; };
		E4B69E210A3A1BDC003C02F2 /* ofApp.cpp in Sources */ = {isa = PBXBuildFile; fileRef = E4B69E1E0A3A1BDC003C02F2 /* ofApp.cpp */; };
		EC22E9F6B257E3BDDECF9D18 /* usb_control.cpp in Sources */ = {isa = PBXBuildFile; fileRef = AE70281794B948F3E1200E70 /* usb_control.cpp */; };
		F9CA353CAED98B0E6982EEC8 /* event_loop.cpp in Sources */ = {isa = PBXBuildFile; fileRef = B87A942F5C86226DB70339C2 /* event_loop.cpp */; };
/* End PBXBuildFile section */

/* Begin PBXContainerItemProxy section */
		E4328147138ABC890047C5CB /* PBXContainerItemProxy */ = {
			isa = PBXContainerItemProxy;
			containerPortal = E4328143138ABC890047C5CB /* openFrameworksLib.xcodeproj */;
			proxyType = 2;
			remoteGlobalIDString = E4B27C1510CBEB8E00536013;
			remoteInfo = openFrameworks;
		};
		E4EEB9AB138B136A00A80321 /* PBXContainerItemProxy */ = {
			isa = PBXContainerItemProxy;
			containerPortal = E4328143138ABC890047C5CB /* openFrameworksLib.xcodeproj */;
			proxyType = 1;
			remoteGlobalIDString = E4B27C1410CBEB8E00536013;
			remoteInfo = openFrameworks;
		};
/* End PBXContainerItemProxy section */

/* Begin PBXCopyFilesBuildPhase section */
		E4C2427710CC5ABF004149E2 /* CopyFiles */ = {
			isa = PBXCopyFilesBuildPhase;
			buildActionMask = 2147483647;
			dstPath = "";
			dstSubfolderSpec = 10;
			files = (
			);
			runOnlyForDeploymentPostprocessing = 0;
		};
/* End PBXCopyFilesBuildPhase section */

/* Begin PBXFileReference section */
		0C202F0E3B8C1A67B5D3F8ED /* libusb.h */ = {isa = PBXFileReference; explicitFileType = sourcecode.c.h; fileEncoding = 30; name = libusb.h; path = ../../../addons/ofxKinectV2/libs/libusb/include/libusb/libusb.h; sourceTree = SOURCE_ROOT; };
		1168104486961FABB6231A06 /* packet_pipeline.cpp */ = {isa = PBXFileReference; explicitFileType = sourcecode.cpp.cpp; fileEncoding = 30; name = packet_pipeline.cpp; path = ../../../addons/ofxKinectV2/libs/libfreenect2/src/packet_pipeline.cpp; sourceTree = SOURCE_ROOT; };
		126B9013B7598CABD71CC59C /* transfer_pool.cpp */ = {isa = PBXFileReference; explicitFileType = sourcecode.cpp.cpp; fileEncoding = 30; name = transfer_pool.cpp; path = ../../../addons/ofxKinectV2/libs/libfreenect2/src/transfer_pool.cpp; sourceTree = SOURCE_ROOT; };
		1AD58A9D881BE9B881B0F4BC /* depth_packet_stream_parser.cpp */ = {isa = PBXFileReference; explicitFileType = sourcecode.cpp.cpp; fileEncoding = 30; name = depth_packet_stream_parser.cpp; path = ../../../addons/ofxKinectV2/libs/libfreenect2/src/depth_packet_stream_parser.cpp; sourceTree = SOURCE_ROOT; };
		242860EC08C5F0C2402B58CC /* threading.h */ = {isa = PBXFileReference; explicitFileType = sourcecode.c.h; fileEncoding = 30; name = threading.h; path = ../../../addons/ofxKinectV2/libs/libfreenect2/include/internal/libfreenect2/threading.h; sourceTree = SOURCE_ROOT; };
		26CC708A6F5891EB511DC8B1 /* config.h */ = {isa = PBXFileReference; explicitFileType = sourcecode.c.h; fileEncoding = 30; name = config.h; path = ../../../addons/ofxKinectV2/libs/libfreenect2/include/libfreenect2/config.h; sourceTree = SOURCE_ROOT; };
		275C632C4535EDC948D66FD2 /* frame_listener.hpp */ = {isa = PBXFileReference; explicitFileType = sourcecode.c.h; fileEncoding = 30; name = frame_listener.hpp; path = ../../../addons/ofxKinectV2/libs/libfreenect2/include/libfreenect2/frame_listener.hpp; sourceTree = SOURCE_ROOT; };
		2C59B09CF44367D3F475C081 /* command.h */ = {isa = PBXFileReference; explicitFileType = sourcecode.c.h; fileEncoding = 30; name = command.h; path = ../../../addons/ofxKinectV2/libs/libfreenect2/include/internal/libfreenect2/protocol/command.h; sourceTree = SOURCE_ROOT; };
		330C02FEA3D39BD73FBECC55 /* double_buffer.h */ = {isa = PBXFileReference; explicitFileType = sourcecode.c.h; fileEncoding = 30; name = double_buffer.h; path = ../../../addons/ofxKinectV2/libs/libfreenect2/include/internal/libfreenect2/double_buffer.h; sourceTree = SOURCE_ROOT; };
		388D6BD3141D1A3692C6C748 /* frame_listener_impl.cpp */ = {isa = PBXFileReference; explicitFileType = sourcecode.cpp.cpp; fileEncoding = 30; name = frame_listener_impl.cpp; path = ../../../addons/ofxKinectV2/libs/libfreenect2/src/frame_listener_impl.cpp; sourceTree = SOURCE_ROOT; };
		394123D27561FD76E7D7A941 /* depth_packet_processor.h */ = {isa = PBXFileReference; explicitFileType = sourcecode.c.h; fileEncoding = 30; name = depth_packet_processor.h; path = ../../../addons/ofxKinectV2/libs/libfreenect2/include/libfreenect2/depth_packet_processor.h; sourceTree = SOURCE_ROOT; };
		3ED3C25F93DEBD2E520E3015 /* command_transaction.h */ = {isa = PBXFileReference; explicitFileType = sourcecode.c.h; fileEncoding = 30; name = command_transaction.h; path = ../../../addons/ofxKinectV2/libs/libfreenect2/include/internal/libfreenect2/protocol/command_transaction.h; sourceTree = SOURCE_ROOT; };
		42297B7E909F515B247BC09F /* windows_usb.h */ = {isa = PBXFileReference; explicitFileType = sourcecode.c.h; fileEncoding = 30; name = windows_usb.h; path = ../../../addons/ofxKinectV2/libs/libusb/include/libusb/os/windows_usb.h; sourceTree = SOURCE_ROOT; };
		4959F03AE017540572E827C2 /* flextGL.h */ = {isa = PBXFileReference; explicitFileType = sourcecode.c.h; fileEncoding = 30; name = flextGL.h; path = ../../../addons/ofxKinectV2/libs/libfreenect2/src/flextGL.h; sourceTree = SOURCE_ROOT; };
		499F552A559CE91A47BB94B0 /* rgb_packet_stream_parser.cpp */ = {isa = PBXFileReference; explicitFileType = sourcecode.cpp.cpp; fileEncoding = 30; name = rgb_packet_stream_parser.cpp; path = ../../../addons/ofxKinectV2/libs/libfreenect2/src/rgb_packet_stream_parser.cpp; sourceTree = SOURCE_ROOT; };
		4B8E58C5C946163921D5420F /* depth_packet_stream_parser.h */ = {isa = PBXFileReference; explicitFileType = sourcecode.c.h; fileEncoding = 30; name = depth_packet_stream_parser.h; path = ../../../addons/ofxKinectV2/libs/libfreenect2/include/internal/libfreenect2/depth_packet_stream_parser.h; sourceTree = SOURCE_ROOT; };
		5FBD021D73B9E0E1610FD6C6 /* hotplug.h */ = {isa = PBXFileReference; explicitFileType = sourcecode.c.h; fileEncoding = 30; name = hotplug.h; path = ../../../addons/ofxKinectV2/libs/libusb/include/libusb/hotplug.h; sourceTree = SOURCE_ROOT; };
		618332E0DE38B2EEF7226D38 /* darwin_usb.h */ = {isa = PBXFileReference; explicitFileType = sourcecode.c.h; fileEncoding = 30; name = darwin_usb.h; path = ../../../addons/ofxKinectV2/libs/libusb/include/libusb/os/darwin_usb.h; sourceTree = SOURCE_ROOT; };
		63C3B5FB6D0FAD8629C8967F /* threads_posix.h */ = {isa = PBXFileReference; explicitFileType = sourcecode.c.h; fileEncoding = 30; name = threads_posix.h; path = ../../../addons/ofxKinectV2/libs/libusb/include/libusb/os/threads_posix.h; sourceTree = SOURCE_ROOT; };
		6EFC4D63D6B94AA7058C3AEE /* libusbi.h */ = {isa = PBXFileReference; explicitFileType = sourcecode.c.h; fileEncoding = 30; name = libusbi.h; path = ../../../addons/ofxKinectV2/libs/libusb/include/libusb/libusbi.h; sourceTree = SOURCE_ROOT; };
		767CBBFEC1BF935663F43467 /* packet_pipeline.h */ = {isa = PBXFileReference; explicitFileType = sourcecode.c.h; fileEncoding = 30; name = packet_pipeline.h; path = ../../../addons/ofxKinectV2/libs/libfreenect2/include/libfreenect2/packet_pipeline.h; sourceTree = SOURCE_ROOT; };
		7D08F3C82AD64E10BD3FB723 /* registration.cpp */ = {isa = PBXFileReference; explicitFileType = sourcecode.cpp.cpp; fileEncoding = 30; name = registration.cpp; path = ../../../addons/ofxKinectV2/libs/libfreenect2/src/registration.cpp; sourceTree = SOURCE_ROOT; };
		7E2F71E1343096329E1D7A06 /* ofRGBPacketProcessor.h */ = {isa = PBXFileReference; explicitFileType = sourcecode.c.h; fileEncoding = 30; name = ofRGBPacketProcessor.h; path = ../../../addons/ofxKinectV2/libs/protonect/ofRGBPacketProcessor.h; sourceTree = SOURCE_ROOT; };
		846F5828E343437985669C60 /* resource.cpp */ = {isa = PBXFileReference; explicitFileType = sourcecode.cpp.cpp; fileEncoding = 30; name = resource.cpp; path = ../../../addons/ofxKinectV2/libs/libfreenect2/src/resource.cpp; sourceTree = SOURCE_ROOT; };
		8649B93AFE1235BB46549951 /* cl.hpp */ = {isa = PBXFileReference; explicitFileType = sourcecode.c.h; fileEncoding = 30; name = cl.hpp; path = ../../../addons/ofxKinectV2/libs/libfreenect2/include/internal/CL/cl.hpp; sourceTree = SOURCE_ROOT; };
		88C25AB5A9E150E0FE8DB2E5 /* logging.cpp */ = {isa = PBXFileReference; explicitFileType = sourcecode.cpp.cpp; fileEncoding = 30; name = logging.cpp; path = ../../../addons/ofxKinectV2/libs/libfreenect2/src/logging.cpp; sourceTree = SOURCE_ROOT; };
		8ACB27FC2EF2D35C35BBE2A3 /* rgb_packet_processor.cpp */ = {isa = PBXFileReference; explicitFileType = sourcecode.cpp.cpp; fileEncoding = 30; name = rgb_packet_processor.cpp; path = ../../../addons/ofxKinectV2/libs/libfreenect2/src/rgb_packet_processor.cpp; sourceTree = SOURCE_ROOT; };
		937637805D1D04FEBC647D54 /* ofxKinectV2.h */ = {isa = PBXFileReference; explicitFileType = sourcecode.c.h; fileEncoding = 30; name = ofxKinectV2.h; path = ../../../addons/ofxKinectV2/src/ofxKinectV2.h; sourceTree = SOURCE_ROOT; };
		93985E4C0D4147E68A4688DE /* threads_windows.h */ = {isa = PBXFileReference; explicitFileType = sourcecode.c.h; fileEncoding = 30; name = threads_windows.h; path = ../../../addons/ofxKinectV2/libs/libusb/include/libusb/os/threads_windows.h; sourceTree = SOURCE_ROOT; };
		9A9980E8A05D35D7DA7D4647 /* depth_packet_processor.cpp */ = {isa = PBXFileReference; explicitFileType = sourcecode.cpp.cpp; fileEncoding = 30; name = depth_packet_processor.cpp; path = ../../../addons/ofxKinectV2/libs/libfreenect2/src/depth_packet_processor.cpp; sourceTree = SOURCE_ROOT; };
		A0A704E2155E96D6F96710E9 /* linux_usbfs.h */ = {isa = PBXFileReference; explicitFileType = sourcecode.c.h; fileEncoding = 30; name = linux_usbfs.h; path = ../../../addons/ofxKinectV2/libs/libusb/include/libusb/os/linux_usbfs.h; sourceTree = SOURCE_ROOT; };
		A105AD18D98CB40866FAEAA9 /* event_loop.h */ = {isa = PBXFileReference; explicitFileType = sourcecode.c.h; fileEncoding = 30; name = event_loop.h; path = ../../../addons/ofxKinectV2/libs/libfreenect2/include/internal/libfreenect2/usb/event_loop.h; sourceTree = SOURCE_ROOT; };
		A36C0BDB05E24D11E762022B /* ofProtonect.h */ = {isa = PBXFileReference; explicitFileType = sourcecode.c.h; fileEncoding = 30; name = ofProtonect.h; path = ../../../addons/ofxKinectV2/libs/protonect/ofProtonect.h; sourceTree = SOURCE_ROOT; };
		A4CDB633C2C70A5DDB72964E /* frame_listener_impl.h */ = {isa = PBXFileReference; explicitFileType = sourcecode.c.h; fileEncoding = 30; name = frame_listener_impl.h; path = ../../../addons/ofxKinectV2/libs/libfreenect2/include/libfreenect2/frame_listener_impl.h; sourceTree = SOURCE_ROOT; };
		A808730C5421CA7B2C69D21E /* packet_processor.h */ = {isa = PBXFileReference; explicitFileType = sourcecode.c.h; fileEncoding = 30; name = packet_processor.h; path = ../../../addons/ofxKinectV2/libs/libfreenect2/include/libfreenect2/packet_processor.h; sourceTree = SOURCE_ROOT; };
		A8741321E03933398197E1E5 /* flextGL.cpp */ = {isa = PBXFileReference; explicitFileType = sourcecode.cpp.cpp; fileEncoding = 30; name = flextGL.cpp; path = ../../../addons/ofxKinectV2/libs/libfreenect2/src/flextGL.cpp; sourceTree = SOURCE_ROOT; };
		A9D7AA1B61C8ADB6F9DB7AA2 /* poll_posix.h */ = {isa = PBXFileReference; explicitFileType = sourcecode.c.h; fileEncoding = 30; name = poll_posix.h; path = ../../../addons/ofxKinectV2/libs/libusb/include/libusb/os/poll_posix.h; sourceTree = SOURCE_ROOT; };
		AE70281794B948F3E1200E70 /* usb_control.cpp */ = {isa = PBXFileReference; explicitFileType = sourcecode.cpp.cpp; fileEncoding = 30; name = usb_control.cpp; path = ../../../addons/ofxKinectV2/libs/libfreenect2/src/usb_control.cpp; sourceTree = SOURCE_ROOT; };
		B0109750A0D3C797152FA9FA /* ofProtonect.cpp */ = {isa = PBXFileReference; explicitFileType = sourcecode.cpp.cpp; fileEncoding = 30; name = ofProtonect.cpp; path = ../../../addons/ofxKinectV2/libs/protonect/ofProtonect.cpp; sourceTree = SOURCE_ROOT; };
		B283E8D6E6A712390D6079C4 /* async_packet_processor.h */ = {isa = PBXFileReference; explicitFileType = sourcecode.c.h; fileEncoding = 30; name = async_packet_processor.h; path = ../../../addons/ofxKinectV2/libs/libfreenect2/include/internal/libfreenect2/async_packet_processor.h; sourceTree = SOURCE_ROOT; };
		B34B2A447DBBEF5F0AA5C729 /* response.h */ = {isa = PBXFileReference; explicitFileType = sourcecode.c.h; fileEncoding = 30; name = response.h; path = ../../../addons/ofxKinectV2/libs/libfreenect2/include/internal/libfreenect2/protocol/response.h; sourceTree = SOURCE_ROOT; };
		B87A942F5C86226DB70339C2 /* event_loop.cpp */ = {isa = PBXFileReference; explicitFileType = sourcecode.cpp.cpp; fileEncoding = 30; name = event_loop.cpp; path = ../../../addons/ofxKinectV2/libs/libfreenect2/src/event_loop.cpp; sourceTree = SOURCE_ROOT; };
		B96C4AFF984768708689359A /* poll_windows.h */ = {isa = PBXFileReference; explicitFileType = sourcecode.c.h; fileEncoding = 30; name = poll_windows.h; path = ../../../addons/ofxKinectV2/libs/libusb/include/libusb/os/poll_windows.h; sourceTree = SOURCE_ROOT; };
		BFE9E22384A646CC8BF59FCB /* command_transaction.cpp */ = {isa = PBXFileReference; explicitFileType = sourcecode.cpp.cpp; fileEncoding = 30; name = command_transaction.cpp; path = ../../../addons/ofxKinectV2/libs/libfreenect2/src/command_transaction.cpp; sourceTree = SOURCE_ROOT; };
		C0E4F0E98B59D20C971C39B0 /* libfreenect2.cpp */ = {isa = PBXFileReference; explicitFileType = sourcecode.cpp.cpp; fileEncoding = 30; name = libfreenect2.cpp; path = ../../../addons/ofxKinectV2/libs/libfreenect2/src/libfreenect2.cpp; sourceTree = SOURCE_ROOT; };
		C2BF421183C40D9BE8064BBF /* usb_control.h */ = {isa = PBXFileReference; explicitFileType = sourcecode.c.h; fileEncoding = 30; name = usb_control.h; path = ../../../addons/ofxKinectV2/libs/libfreenect2/include/internal/libfreenect2/protocol/usb_control.h; sourceTree = SOURCE_ROOT; };
		C322BD937623B35D11304637 /* wince_usb.h */ = {isa = PBXFileReference; explicitFileType = sourcecode.c.h; fileEncoding = 30; name = wince_usb.h; path = ../../../addons/ofxKinectV2/libs/libusb/include/libusb/os/wince_usb.h; sourceTree = SOURCE_ROOT; };
		C3945A74CBE8C9D865AC4C25 /* version_nano.h */ = {isa = PBXFileReference; explicitFileType = sourcecode.c.h; fileEncoding = 30; name = version_nano.h; path = ../../../addons/ofxKinectV2/libs/libusb/include/libusb/version_nano.h; sourceTree = SOURCE_ROOT; };
		C4D0102839B98838367AA752 /* transfer_pool.h */ = {isa = PBXFileReference; explicitFileType = sourcecode.c.h; fileEncoding = 30; name = transfer_pool.h; path = ../../../addons/ofxKinectV2/libs/libfreenect2/include/internal/libfreenect2/usb/transfer_pool.h; sourceTree = SOURCE_ROOT; };
		C63A20974FC27179384D6B1B /* ofxKinectV2.cpp */ = {isa = PBXFileReference; explicitFileType = sourcecode.cpp.cpp; fileEncoding = 30; name = ofxKinectV2.cpp; path = ../../../addons/ofxKinectV2/src/ofxKinectV2.cpp; sourceTree = SOURCE_ROOT; };
		CB0AAEF2A3FA54141D4F0D4B /* cpu_depth_packet_processor.cpp */ = {isa = PBXFileReference; explicitFileType = sourcecode.cpp.cpp; fileEncoding = 30; name = cpu_depth_packet_processor.cpp; path = ../../../addons/ofxKinectV2/libs/libfreenect2/src/cpu_depth_packet_processor.cpp; sourceTree = SOURCE_ROOT; };
		CB514B501B1F0289F3EDD951 /* data_callback.h */ = {isa = PBXFileReference; explicitFileType = sourcecode.c.h; fileEncoding = 30; name = data_callback.h; path = ../../../addons/ofxKinectV2/libs/libfreenect2/include/internal/libfreenect2/data_callback.h; sourceTree = SOURCE_ROOT; };
		CF1EE67DDA0845F5CD15888E /* rgb_packet_processor.h */ = {isa = PBXFileReference; explicitFileType = sourcecode.c.h; fileEncoding = 30; name = rgb_packet_processor.h; path = ../../../addons/ofxKinectV2/libs/libfreenect2/include/libfreenect2/rgb_packet_processor.h; sourceTree = SOURCE_ROOT; };
		DF471A403CBC4B6327E1023D /* rgb_packet_stream_parser.h */ = {isa = PBXFileReference; explicitFileType = sourcecode.c.h; fileEncoding = 30; name = rgb_packet_stream_parser.h; path = ../../../addons/ofxKinectV2/libs/libfreenect2/include/internal/libfreenect2/rgb_packet_stream_parser.h; sourceTree = SOURCE_ROOT; };
		E1DEE55DD28B8958C453014A /* opengl_depth_packet_processor.cpp */ = {isa = PBXFileReference; explicitFileType = sourcecode.cpp.cpp; fileEncoding = 30; name = opengl_depth_packet_processor.cpp; path = ../../../addons/ofxKinectV2/libs/libfreenect2/src/opengl_depth_packet_processor.cpp; sourceTree = SOURCE_ROOT; };
		E4328143138ABC890047C5CB /* openFrameworksLib.xcodeproj */ = {isa = PBXFileReference; lastKnownFileType = "wrapper.pb-project"; name = openFrameworksLib.xcodeproj; path = ../../../libs/openFrameworksCompiled/project/osx/openFrameworksLib.xcodeproj; sourceTree = SOURCE_ROOT; };
		E44C5EF31BFA8E8400C8F024 /* ofxBaseGui.cpp */ = {isa = PBXFileReference; fileEncoding = 4; lastKnownFileType = sourcecode.cpp.cpp; path = ofxBaseGui.cpp; sourceTree = "<group>"; };
		E44C5EF41BFA8E8400C8F024 /* ofxBaseGui.h */ = {isa = PBXFileReference; fileEncoding = 4; lastKnownFileType = sourcecode.c.h; path = ofxBaseGui.h; sourceTree = "<group>"; };
		E44C5EF51BFA8E8400C8F024 /* ofxButton.cpp */ = {isa = PBXFileReference; fileEncoding = 4; lastKnownFileType = sourcecode.cpp.cpp; path = ofxButton.cpp; sourceTree = "<group>"; };
		E44C5EF61BFA8E8400C8F024 /* ofxButton.h */ = {isa = PBXFileReference; fileEncoding = 4; lastKnownFileType = sourcecode.c.h; path = ofxButton.h; sourceTree = "<group>"; };
		E44C5EF71BFA8E8400C8F024 /* ofxGui.h */ = {isa = PBXFileReference; fileEncoding = 4; lastKnownFileType = sourcecode.c.h; path = ofxGui.h; sourceTree = "<group>"; };
		E44C5EF81BFA8E8400C8F024 /* ofxGuiGroup.cpp */ = {isa = PBXFileReference; fileEncoding = 4; lastKnownFileType = sourcecode.cpp.cpp; path = ofxGuiGroup.cpp; sourceTree = "<group>"; };
		E44C5EF91BFA8E8400C8F024 /* ofxGuiGroup.h */ = {isa = PBXFileReference; fileEncoding = 4; lastKnownFileType = sourcecode.c.h; path = ofxGuiGroup.h; sourceTree = "<group>"; };
		E44C5EFA1BFA8E8400C8F024 /* ofxLabel.cpp */ = {isa = PBXFileReference; fileEncoding = 4; lastKnownFileType = sourcecode.cpp.cpp; path = ofxLabel.cpp; sourceTree = "<group>"; };
		E44C5EFB1BFA8E8400C8F024 /* ofxLabel.h */ = {isa = PBXFileReference; fileEncoding = 4; lastKnownFileType = sourcecode.c.h; path = ofxLabel.h; sourceTree = "<group>"; };
		E44C5EFC1BFA8E8400C8F024 /* ofxPanel.cpp */ = {isa = PBXFileReference; fileEncoding = 4; lastKnownFileType = sourcecode.cpp.cpp; path = ofxPanel.cpp; sourceTree = "<group>"; };
		E44C5EFD1BFA8E8400C8F024 /* ofxPanel.h */ = {isa = PBXFileReference; fileEncoding = 4; lastKnownFileType = sourcecode.c.h; path = ofxPanel.h; sourceTree = "<group>"; };
		E44C5EFE1BFA8E8400C8F024 /* ofxSlider.cpp */ = {isa = PBXFileReference; fileEncoding = 4; lastKnownFileType = sourcecode.cpp.cpp; path = ofxSlider.cpp; sourceTree = "<group>"; };
		E44C5EFF1BFA8E8400C8F024 /* ofxSlider.h */ = {isa = PBXFileReference; fileEncoding = 4; lastKnownFileType = sourcecode.c.h; path = ofxSlider.h; sourceTree = "<group>"; };
		E44C5F001BFA8E8400C8F024 /* ofxSliderGroup.cpp */ = {isa = PBXFileReference; fileEncoding = 4; lastKnownFileType = sourcecode.cpp.cpp; path = ofxSliderGroup.cpp; sourceTree = "<group>"; };
		E44C5F011BFA8E8400C8F024 /* ofxSliderGroup.h */ = {isa = PBXFileReference; fileEncoding = 4; lastKnownFileType = sourcecode.c.h; path = ofxSliderGroup.h; sourceTree = "<group>"; };
		E44C5F021BFA8E8400C8F024 /* ofxToggle.cpp */ = {isa = PBXFileReference; fileEncoding = 4; lastKnownFileType = sourcecode.cpp.cpp; path = ofxToggle.cpp; sourceTree = "<group>"; };
		E44C5F031BFA8E8400C8F024 /* ofxToggle.h */ = {isa = PBXFileReference; fileEncoding = 4; lastKnownFileType = sourcecode.c.h; path = ofxToggle.h; sourceTree = "<group>"; };
		E46BBB9E1BFBD66500EB61DB /* opencl_depth_packet_processor.cpp */ = {isa = PBXFileReference; fileEncoding = 4; lastKnownFileType = sourcecode.cpp.cpp; name = opencl_depth_packet_processor.cpp; path = ../libs/libfreenect2/src/opencl_depth_packet_processor.cpp; sourceTree = "<group>"; };
		E46BBBA11BFBD7C800EB61DB /* OpenCL.framework */ = {isa = PBXFileReference; lastKnownFileType = wrapper.framework; name = OpenCL.framework; path = System/Library/Frameworks/OpenCL.framework; sourceTree = SDKROOT; };
		E4B69B5B0A3A1756003C02F2 /* ofxKinectV2ExampleDebug.app */ = {isa = PBXFileReference; explicitFileType = wrapper.application; includeInIndex = 0; path = ofxKinectV2ExampleDebug.app; sourceTree = BUILT_PRODUCTS_DIR; };
		E4B69E1D0A3A1BDC003C02F2 /* main.cpp */ = {isa = PBXFileReference; fileEncoding = 30; lastKnownFileType = sourcecode.cpp.cpp; name = main.cpp; path = src/main.cpp; sourceTree = SOURCE_ROOT; };
		E4B69E1E0A3A1BDC003C02F2 /* ofApp.cpp */ = {isa = PBXFileReference; explicitFileType = sourcecode.cpp.cpp; fileEncoding = 30; name = ofApp.cpp; path = src/ofApp.cpp; sourceTree = SOURCE_ROOT; };
		E4B69E1F0A3A1BDC003C02F2 /* ofApp.h */ = {isa = PBXFileReference; fileEncoding = 30; lastKnownFileType = sourcecode.c.h; name = ofApp.h; path = src/ofApp.h; sourceTree = SOURCE_ROOT; };
		E4B6FCAD0C3E899E008CF71C /* openFrameworks-Info.plist */ = {isa = PBXFileReference; fileEncoding = 30; lastKnownFileType = text.plist.xml; path = "openFrameworks-Info.plist"; sourceTree = "<group>"; };
		E4EB691F138AFCF100A09F29 /* CoreOF.xcconfig */ = {isa = PBXFileReference; fileEncoding = 4; lastKnownFileType = text.xcconfig; name = CoreOF.xcconfig; path = ../../../libs/openFrameworksCompiled/project/osx/CoreOF.xcconfig; sourceTree = SOURCE_ROOT; };
		E4EB6923138AFD0F00A09F29 /* Project.xcconfig */ = {isa = PBXFileReference; fileEncoding = 4; lastKnownFileType = text.xcconfig; path = Project.xcconfig; sourceTree = "<group>"; };
		E50A9DF67B3ABC5CDD1D2CB6 /* registration.h */ = {isa = PBXFileReference; explicitFileType = sourcecode.c.h; fileEncoding = 30; name = registration.h; path = ../../../addons/ofxKinectV2/libs/libfreenect2/include/libfreenect2/registration.h; sourceTree = SOURCE_ROOT; };
		E61A8254E93A86F3760E2158 /* libfreenect2.hpp */ = {isa = PBXFileReference; explicitFileType = sourcecode.c.h; fileEncoding = 30; name = libfreenect2.hpp; path = ../../../addons/ofxKinectV2/libs/libfreenect2/include/libfreenect2/libfreenect2.hpp; sourceTree = SOURCE_ROOT; };
		EAB66BCAA85DEB6A7A793F8D /* resource.h */ = {isa = PBXFileReference; explicitFileType = sourcecode.c.h; fileEncoding = 30; name = resource.h; path = ../../../addons/ofxKinectV2/libs/libfreenect2/include/internal/libfreenect2/resource.h; sourceTree = SOURCE_ROOT; };
		ECC9D2C2CB4EBA819DBB710E /* logging.h */ = {isa = PBXFileReference; explicitFileType = sourcecode.c.h; fileEncoding = 30; name = logging.h; path = ../../../addons/ofxKinectV2/libs/libfreenect2/include/internal/libfreenect2/logging.h; sourceTree = SOURCE_ROOT; };
		EDA88D1F798B6307B0C20011 /* logger.h */ = {isa = PBXFileReference; explicitFileType = sourcecode.c.h; fileEncoding = 30; name = logger.h; path = ../../../addons/ofxKinectV2/libs/libfreenect2/include/libfreenect2/logger.h; sourceTree = SOURCE_ROOT; };
		EFFBD5C53C2470021AA766A7 /* version.h */ = {isa = PBXFileReference; explicitFileType = sourcecode.c.h; fileEncoding = 30; name = version.h; path = ../../../addons/ofxKinectV2/libs/libusb/include/libusb/version.h; sourceTree = SOURCE_ROOT; };
		F48DA74EE05969866CF939D6 /* double_buffer.cpp */ = {isa = PBXFileReference; explicitFileType = sourcecode.cpp.cpp; fileEncoding = 30; name = double_buffer.cpp; path = ../../../addons/ofxKinectV2/libs/libfreenect2/src/double_buffer.cpp; sourceTree = SOURCE_ROOT; };
		F60F5697C82F49B8693694B8 /* windows_common.h */ = {isa = PBXFileReference; explicitFileType = sourcecode.c.h; fileEncoding = 30; name = windows_common.h; path = ../../../addons/ofxKinectV2/libs/libusb/include/libusb/os/windows_common.h; sourceTree = SOURCE_ROOT; };
		F9B07F7354284F7E5FA30CB8 /* ofRGBPacketProcessor.cpp */ = {isa = PBXFileReference; explicitFileType = sourcecode.cpp.cpp; fileEncoding = 30; name = ofRGBPacketProcessor.cpp; path = ../../../addons/ofxKinectV2/libs/protonect/ofRGBPacketProcessor.cpp; sourceTree = SOURCE_ROOT; };
/* End PBXFileReference section */

/* Begin PBXFrameworksBuildPhase section */
		E4B69B590A3A1756003C02F2 /* Frameworks */ = {
			isa = PBXFrameworksBuildPhase;
			buildActionMask = 2147483647;
			files = (
				E46BBBA21BFBD7C800EB61DB /* OpenCL.framework in Frameworks */,
				E4328149138ABC9F0047C5CB /* openFrameworksDebug.a in Frameworks */,
			);
			runOnlyForDeploymentPostprocessing = 0;
		};
/* End PBXFrameworksBuildPhase section */

/* Begin PBXGroup section */
		23376D672010D279B0029732 /* include */ = {
			isa = PBXGroup;
			children = (
				F4B930A504634EC70F9E2B4D /* internal */,
				7359D1E1E75CE4ACFB9C3F70 /* libfreenect2 */,
			);
			name = include;
			sourceTree = "<group>";
		};
		254642DD627BEA55DF50B99F /* src */ = {
			isa = PBXGroup;
			children = (
				C63A20974FC27179384D6B1B /* ofxKinectV2.cpp */,
				937637805D1D04FEBC647D54 /* ofxKinectV2.h */,
			);
			name = src;
			sourceTree = "<group>";
		};
		2E8C8C57A16399C4952C6D48 /* src */ = {
			isa = PBXGroup;
			children = (
				E46BBB9E1BFBD66500EB61DB /* opencl_depth_packet_processor.cpp */,
				BFE9E22384A646CC8BF59FCB /* command_transaction.cpp */,
				CB0AAEF2A3FA54141D4F0D4B /* cpu_depth_packet_processor.cpp */,
				9A9980E8A05D35D7DA7D4647 /* depth_packet_processor.cpp */,
				1AD58A9D881BE9B881B0F4BC /* depth_packet_stream_parser.cpp */,
				F48DA74EE05969866CF939D6 /* double_buffer.cpp */,
				B87A942F5C86226DB70339C2 /* event_loop.cpp */,
				A8741321E03933398197E1E5 /* flextGL.cpp */,
				4959F03AE017540572E827C2 /* flextGL.h */,
				388D6BD3141D1A3692C6C748 /* frame_listener_impl.cpp */,
				C0E4F0E98B59D20C971C39B0 /* libfreenect2.cpp */,
				88C25AB5A9E150E0FE8DB2E5 /* logging.cpp */,
				E1DEE55DD28B8958C453014A /* opengl_depth_packet_processor.cpp */,
				1168104486961FABB6231A06 /* packet_pipeline.cpp */,
				7D08F3C82AD64E10BD3FB723 /* registration.cpp */,
				846F5828E343437985669C60 /* resource.cpp */,
				8ACB27FC2EF2D35C35BBE2A3 /* rgb_packet_processor.cpp */,
				499F552A559CE91A47BB94B0 /* rgb_packet_stream_parser.cpp */,
				126B9013B7598CABD71CC59C /* transfer_pool.cpp */,
				AE70281794B948F3E1200E70 /* usb_control.cpp */,
			);
			name = src;
			sourceTree = "<group>";
		};
		39A73FDEE0BE65D41C19364C /* libusb */ = {
			isa = PBXGroup;
			children = (
				FD08E51AD6BE952E921D8AC4 /* include */,
			);
			name = libusb;
			sourceTree = "<group>";
		};
		51B18D5C6D2113D66F01BDA9 /* libusb */ = {
			isa = PBXGroup;
			children = (
				5FBD021D73B9E0E1610FD6C6 /* hotplug.h */,
				0C202F0E3B8C1A67B5D3F8ED /* libusb.h */,
				6EFC4D63D6B94AA7058C3AEE /* libusbi.h */,
				690CC895FD2739DA5ED1C8D2 /* os */,
				EFFBD5C53C2470021AA766A7 /* version.h */,
				C3945A74CBE8C9D865AC4C25 /* version_nano.h */,
			);
			name = libusb;
			sourceTree = "<group>";
		};
		690CC895FD2739DA5ED1C8D2 /* os */ = {
			isa = PBXGroup;
			children = (
				618332E0DE38B2EEF7226D38 /* darwin_usb.h */,
				A0A704E2155E96D6F96710E9 /* linux_usbfs.h */,
				A9D7AA1B61C8ADB6F9DB7AA2 /* poll_posix.h */,
				B96C4AFF984768708689359A /* poll_windows.h */,
				63C3B5FB6D0FAD8629C8967F /* threads_posix.h */,
				93985E4C0D4147E68A4688DE /* threads_windows.h */,
				C322BD937623B35D11304637 /* wince_usb.h */,
				F60F5697C82F49B8693694B8 /* windows_common.h */,
				42297B7E909F515B247BC09F /* windows_usb.h */,
			);
			name = os;
			sourceTree = "<group>";
		};
		6948EE371B920CB800B5AC1A /* local_addons */ = {
			isa = PBXGroup;
			children = (
			);
			name = local_addons;
			sourceTree = "<group>";
		};
		7359D1E1E75CE4ACFB9C3F70 /* libfreenect2 */ = {
			isa = PBXGroup;
			children = (
				26CC708A6F5891EB511DC8B1 /* config.h */,
				394123D27561FD76E7D7A941 /* depth_packet_processor.h */,
				275C632C4535EDC948D66FD2 /* frame_listener.hpp */,
				A4CDB633C2C70A5DDB72964E /* frame_listener_impl.h */,
				E61A8254E93A86F3760E2158 /* libfreenect2.hpp */,
				EDA88D1F798B6307B0C20011 /* logger.h */,
				767CBBFEC1BF935663F43467 /* packet_pipeline.h */,
				A808730C5421CA7B2C69D21E /* packet_processor.h */,
				E50A9DF67B3ABC5CDD1D2CB6 /* registration.h */,
				CF1EE67DDA0845F5CD15888E /* rgb_packet_processor.h */,
			);
			name = libfreenect2;
			sourceTree = "<group>";
		};
		829924D1AFD56F167390B293 /* protonect */ = {
			isa = PBXGroup;
			children = (
				B0109750A0D3C797152FA9FA /* ofProtonect.cpp */,
				A36C0BDB05E24D11E762022B /* ofProtonect.h */,
				F9B07F7354284F7E5FA30CB8 /* ofRGBPacketProcessor.cpp */,
				7E2F71E1343096329E1D7A06 /* ofRGBPacketProcessor.h */,
			);
			name = protonect;
			sourceTree = "<group>";
		};
		96AF7F99FBCF7189CD9CEA70 /* libfreenect2 */ = {
			isa = PBXGroup;
			children = (
				23376D672010D279B0029732 /* include */,
				2E8C8C57A16399C4952C6D48 /* src */,
			);
			name = libfreenect2;
			sourceTree = "<group>";
		};
		B3F1A3EBAB4324C5451FC9A3 /* ofxKinectV2 */ = {
			isa = PBXGroup;
			children = (
				254642DD627BEA55DF50B99F /* src */,
				D55200B6A433E7ACBCCD9E67 /* libs */,
			);
			name = ofxKinectV2;
			sourceTree = "<group>";
		};
		B8CA9F875C36794505462CD9 /* usb */ = {
			isa = PBXGroup;
			children = (
				A105AD18D98CB40866FAEAA9 /* event_loop.h */,
				C4D0102839B98838367AA752 /* transfer_pool.h */,
			);
			name = usb;
			sourceTree = "<group>";
		};
		BB4B014C10F69532006C3DED /* addons */ = {
			isa = PBXGroup;
			children = (
				E44C5EF11BFA8E8400C8F024 /* ofxGui */,
				B3F1A3EBAB4324C5451FC9A3 /* ofxKinectV2 */,
			);
			name = addons;
			sourceTree = "<group>";
		};
		BCE08DBCDFC646E654DBBA43 /* libfreenect2 */ = {
			isa = PBXGroup;
			children = (
				B283E8D6E6A712390D6079C4 /* async_packet_processor.h */,
				CB514B501B1F0289F3EDD951 /* data_callback.h */,
				4B8E58C5C946163921D5420F /* depth_packet_stream_parser.h */,
				330C02FEA3D39BD73FBECC55 /* double_buffer.h */,
				ECC9D2C2CB4EBA819DBB710E /* logging.h */,
				CEE89B11EECA847C70B96681 /* protocol */,
				EAB66BCAA85DEB6A7A793F8D /* resource.h */,
				DF471A403CBC4B6327E1023D /* rgb_packet_stream_parser.h */,
				242860EC08C5F0C2402B58CC /* threading.h */,
				B8CA9F875C36794505462CD9 /* usb */,
			);
			name = libfreenect2;
			sourceTree = "<group>";
		};
		C59019C2D7DB9B4CE411B771 /* CL */ = {
			isa = PBXGroup;
			children = (
				8649B93AFE1235BB46549951 /* cl.hpp */,
			);
			name = CL;
			sourceTree = "<group>";
		};
		CEE89B11EECA847C70B96681 /* protocol */ = {
			isa = PBXGroup;
			children = (
				2C59B09CF44367D3F475C081 /* command.h */,
				3ED3C25F93DEBD2E520E3015 /* command_transaction.h */,
				B34B2A447DBBEF5F0AA5C729 /* response.h */,
				C2BF421183C40D9BE8064BBF /* usb_control.h */,
			);
			name = protocol;
			sourceTree = "<group>";
		};
		D55200B6A433E7ACBCCD9E67 /* libs */ = {
			isa = PBXGroup;
			children = (
				96AF7F99FBCF7189CD9CEA70 /* libfreenect2 */,
				39A73FDEE0BE65D41C19364C /* libusb */,
				829924D1AFD56F167390B293 /* protonect */,
			);
			name = libs;
			sourceTree = "<group>";
		};
		E4328144138ABC890047C5CB /* Products */ = {
			isa = PBXGroup;
			children = (
				E4328148138ABC890047C5CB /* openFrameworksDebug.a */,
			);
			name = Products;
			sourceTree = "<group>";
		};
		E44C5EF11BFA8E8400C8F024 /* ofxGui */ = {
			isa = PBXGroup;
			children = (
				E44C5EF21BFA8E8400C8F024 /* src */,
			);
			name = ofxGui;
			path = ../../../addons/ofxGui;
			sourceTree = "<group>";
		};
		E44C5EF21BFA8E8400C8F024 /* src */ = {
			isa = PBXGroup;
			children = (
				E44C5EF31BFA8E8400C8F024 /* ofxBaseGui.cpp */,
				E44C5EF41BFA8E8400C8F024 /* ofxBaseGui.h */,
				E44C5EF51BFA8E8400C8F024 /* ofxButton.cpp */,
				E44C5EF61BFA8E8400C8F024 /* ofxButton.h */,
				E44C5EF71BFA8E8400C8F024 /* ofxGui.h */,
				E44C5EF81BFA8E8400C8F024 /* ofxGuiGroup.cpp */,
				E44C5EF91BFA8E8400C8F024 /* ofxGuiGroup.h */,
				E44C5EFA1BFA8E8400C8F024 /* ofxLabel.cpp */,
				E44C5EFB1BFA8E8400C8F024 /* ofxLabel.h */,
				E44C5EFC1BFA8E8400C8F024 /* ofxPanel.cpp */,
				E44C5EFD1BFA8E8400C8F024 /* ofxPanel.h */,
				E44C5EFE1BFA8E8400C8F024 /* ofxSlider.cpp */,
				E44C5EFF1BFA8E8400C8F024 /* ofxSlider.h */,
				E44C5F001BFA8E8400C8F024 /* ofxSliderGroup.cpp */,
				E44C5F011BFA8E8400C8F024 /* ofxSliderGroup.h */,
				E44C5F021BFA8E8400C8F024 /* ofxToggle.cpp */,
				E44C5F031BFA8E8400C8F024 /* ofxToggle.h */,
			);
			path = src;
			sourceTree = "<group>";
		};
		E4B69B4A0A3A1720003C02F2 = {
			isa = PBXGroup;
			children = (
				E46BBBA11BFBD7C800EB61DB /* OpenCL.framework */,
				E4B6FCAD0C3E899E008CF71C /* openFrameworks-Info.plist */,
				E4EB6923138AFD0F00A09F29 /* Project.xcconfig */,
				E4B69E1C0A3A1BDC003C02F2 /* src */,
				E4EEC9E9138DF44700A80321 /* openFrameworks */,
				BB4B014C10F69532006C3DED /* addons */,
				6948EE371B920CB800B5AC1A /* local_addons */,
				E4B69B5B0A3A1756003C02F2 /* ofxKinectV2ExampleDebug.app */,
			);
			sourceTree = "<group>";
		};
		E4B69E1C0A3A1BDC003C02F2 /* src */ = {
			isa = PBXGroup;
			children = (
				E4B69E1D0A3A1BDC003C02F2 /* main.cpp */,
				E4B69E1E0A3A1BDC003C02F2 /* ofApp.cpp */,
				E4B69E1F0A3A1BDC003C02F2 /* ofApp.h */,
			);
			path = src;
			sourceTree = SOURCE_ROOT;
		};
		E4EEC9E9138DF44700A80321 /* openFrameworks */ = {
			isa = PBXGroup;
			children = (
				E4EB691F138AFCF100A09F29 /* CoreOF.xcconfig */,
				E4328143138ABC890047C5CB /* openFrameworksLib.xcodeproj */,
			);
			name = openFrameworks;
			sourceTree = "<group>";
		};
		F4B930A504634EC70F9E2B4D /* internal */ = {
			isa = PBXGroup;
			children = (
				C59019C2D7DB9B4CE411B771 /* CL */,
				BCE08DBCDFC646E654DBBA43 /* libfreenect2 */,
			);
			name = internal;
			sourceTree = "<group>";
		};
		FD08E51AD6BE952E921D8AC4 /* include */ = {
			isa = PBXGroup;
			children = (
				51B18D5C6D2113D66F01BDA9 /* libusb */,
			);
			name = include;
			sourceTree = "<group>";
		};
/* End PBXGroup section */

/* Begin PBXNativeTarget section */
		E4B69B5A0A3A1756003C02F2 /* ofxKinectV2Example */ = {
			isa = PBXNativeTarget;
			buildConfigurationList = E4B69B5F0A3A1757003C02F2 /* Build configuration list for PBXNativeTarget "ofxKinectV2Example" */;
			buildPhases = (
				E4B69B580A3A1756003C02F2 /* Sources */,
				E4B69B590A3A1756003C02F2 /* Frameworks */,
				E4B6FFFD0C3F9AB9008CF71C /* ShellScript */,
				E4C2427710CC5ABF004149E2 /* CopyFiles */,
			);
			buildRules = (
			);
			dependencies = (
				E4EEB9AC138B136A00A80321 /* PBXTargetDependency */,
			);
			name = ofxKinectV2Example;
			productName = myOFApp;
			productReference = E4B69B5B0A3A1756003C02F2 /* ofxKinectV2ExampleDebug.app */;
			productType = "com.apple.product-type.application";
		};
/* End PBXNativeTarget section */

/* Begin PBXProject section */
		E4B69B4C0A3A1720003C02F2 /* Project object */ = {
			isa = PBXProject;
			attributes = {
				LastUpgradeCheck = 0600;
			};
			buildConfigurationList = E4B69B4D0A3A1720003C02F2 /* Build configuration list for PBXProject "ofxKinectV2Example" */;
			compatibilityVersion = "Xcode 3.2";
			developmentRegion = English;
			hasScannedForEncodings = 0;
			knownRegions = (
				English,
				Japanese,
				French,
				German,
			);
			mainGroup = E4B69B4A0A3A1720003C02F2;
			productRefGroup = E4B69B4A0A3A1720003C02F2;
			projectDirPath = "";
			projectReferences = (
				{
					ProductGroup = E4328144138ABC890047C5CB /* Products */;
					ProjectRef = E4328143138ABC890047C5CB /* openFrameworksLib.xcodeproj */;
				},
			);
			projectRoot = "";
			targets = (
				E4B69B5A0A3A1756003C02F2 /* ofxKinectV2Example */,
			);
		};
/* End PBXProject section */

/* Begin PBXReferenceProxy section */
		E4328148138ABC890047C5CB /* openFrameworksDebug.a */ = {
			isa = PBXReferenceProxy;
			fileType = archive.ar;
			path = openFrameworksDebug.a;
			remoteRef = E4328147138ABC890047C5CB /* PBXContainerItemProxy */;
			sourceTree = BUILT_PRODUCTS_DIR;
		};
/* End PBXReferenceProxy section */

/* Begin PBXShellScriptBuildPhase section */
		E4B6FFFD0C3F9AB9008CF71C /* ShellScript */ = {
			isa = PBXShellScriptBuildPhase;
			buildActionMask = 2147483647;
			files = (
			);
			inputPaths = (
			);
			outputPaths = (
			);
			runOnlyForDeploymentPostprocessing = 0;
			shellPath = /bin/sh;
			shellScript = "rsync -aved ../../../libs/fmodex/lib/osx/libfmodex.dylib \"$TARGET_BUILD_DIR/$PRODUCT_NAME.app/Contents/MacOS/\"; install_name_tool -change ./libfmodex.dylib @executable_path/libfmodex.dylib \"$TARGET_BUILD_DIR/$PRODUCT_NAME.app/Contents/MacOS/$PRODUCT_NAME\";\nmkdir -p \"$TARGET_BUILD_DIR/$PRODUCT_NAME.app/Contents/Resources/\"\nrsync -aved \"$ICON_FILE\" \"$TARGET_BUILD_DIR/$PRODUCT_NAME.app/Contents/Resources/\"\nrsync -aved ../../../libs/glut/lib/osx/GLUT.framework \"$TARGET_BUILD_DIR/$PRODUCT_NAME.app/Contents/Frameworks/\"\n";
		};
/* End PBXShellScriptBuildPhase section */

/* Begin PBXSourcesBuildPhase section */
		E4B69B580A3A1756003C02F2 /* Sources */ = {
			isa = PBXSourcesBuildPhase;
			buildActionMask = 2147483647;
			files = (
				E4B69E200A3A1BDC003C02F2 /* main.cpp in Sources */,
				E4B69E210A3A1BDC003C02F2 /* ofApp.cpp in Sources */,
				E3EFFFFCBBAF63136866B6B7 /* ofxKinectV2.cpp in Sources */,
				472540F6C1AC728D75793472 /* command_transaction.cpp in Sources */,
				E46BBBA01BFBD66500EB61DB /* opencl_depth_packet_processor.cpp in Sources */,
				E44C5F041BFA8E8400C8F024 /* ofxBaseGui.cpp in Sources */,
				0377D76BF2A4C9AC0592B50C /* cpu_depth_packet_processor.cpp in Sources */,
				113A160520776063FCA6C700 /* depth_packet_processor.cpp in Sources */,
				7F14FDC8FC2A8364A07228F8 /* depth_packet_stream_parser.cpp in Sources */,
				E44C5F0B1BFA8E8400C8F024 /* ofxToggle.cpp in Sources */,
				CF159C02F7ABCA55E3ECAA55 /* double_buffer.cpp in Sources */,
				E44C5F061BFA8E8400C8F024 /* ofxGuiGroup.cpp in Sources */,
				E44C5F0A1BFA8E8400C8F024 /* ofxSliderGroup.cpp in Sources */,
				F9CA353CAED98B0E6982EEC8 /* event_loop.cpp in Sources */,
				D7250AD84540A0623627DC28 /* flextGL.cpp in Sources */,
				B65594D6556A05D6A1B48E14 /* frame_listener_impl.cpp in Sources */,
				DBB098DE5054CEAD6812B83B /* libfreenect2.cpp in Sources */,
				67DF4A22C69D9260F14C871B /* logging.cpp in Sources */,
				E44C5F051BFA8E8400C8F024 /* ofxButton.cpp in Sources */,
				4306E5BDC86876FB50AE685C /* opengl_depth_packet_processor.cpp in Sources */,
				193F7574463278E7BC2115EC /* packet_pipeline.cpp in Sources */,
				E44C5F081BFA8E8400C8F024 /* ofxPanel.cpp in Sources */,
				E44C5F071BFA8E8400C8F024 /* ofxLabel.cpp in Sources */,
				E44C5F091BFA8E8400C8F024 /* ofxSlider.cpp in Sources */,
				D18574094FC9C8E453F952EB /* registration.cpp in Sources */,
				940C9FAA45B4D147203CF5A2 /* resource.cpp in Sources */,
				A85029701CC0AC22A2C935E7 /* rgb_packet_processor.cpp in Sources */,
				32E193ACF8A7921F12F2D3C4 /* rgb_packet_stream_parser.cpp in Sources */,
				C3FADE9F8634F788D575CC7B /* transfer_pool.cpp in Sources */,
				EC22E9F6B257E3BDDECF9D18 /* usb_control.cpp in Sources */,
				871A2C7EB298C6E7213403F8 /* ofProtonect.cpp in Sources */,
				E2CC77E327DFB995F7D54F4D /* ofRGBPacketProcessor.cpp in Sources */,
			);
			runOnlyForDeploymentPostprocessing = 0;
		};
/* End PBXSourcesBuildPhase section */

/* Begin PBXTargetDependency section */
		E4EEB9AC138B136A00A80321 /* PBXTargetDependency */ = {
			isa = PBXTargetDependency;
			name = openFrameworks;
			targetProxy = E4EEB9AB138B136A00A80321 /* PBXContainerItemProxy */;
		};
/* End PBXTargetDependency section */

/* Begin XCBuildConfiguration section */
		E4B69B4E0A3A1720003C02F2 /* Debug */ = {
			isa = XCBuildConfiguration;
			baseConfigurationReference = E4EB6923138AFD0F00A09F29 /* Project.xcconfig */;
			buildSettings = {
				CONFIGURATION_BUILD_DIR = "$(SRCROOT)/bin/";
				COPY_PHASE_STRIP = NO;
				DEAD_CODE_STRIPPING = YES;
				GCC_AUTO_VECTORIZATION = YES;
				GCC_ENABLE_SSE3_EXTENSIONS = YES;
				GCC_ENABLE_SUPPLEMENTAL_SSE3_INSTRUCTIONS = YES;
				GCC_INLINES_ARE_PRIVATE_EXTERN = NO;
				GCC_OPTIMIZATION_LEVEL = 0;
				GCC_SYMBOLS_PRIVATE_EXTERN = NO;
				GCC_WARN_ABOUT_DEPRECATED_FUNCTIONS = YES;
				GCC_WARN_ABOUT_INVALID_OFFSETOF_MACRO = NO;
				GCC_WARN_ALLOW_INCOMPLETE_PROTOCOL = NO;
				GCC_WARN_UNINITIALIZED_AUTOS = NO;
				GCC_WARN_UNUSED_VALUE = NO;
				GCC_WARN_UNUSED_VARIABLE = NO;
				HEADER_SEARCH_PATHS = (
					"$(OF_CORE_HEADERS)",
					../../../addons/ofxKinectV2/libs,
					../../../addons/ofxKinectV2/libs/libfreenect2,
					../../../addons/ofxKinectV2/libs/libfreenect2/include,
					../../../addons/ofxKinectV2/libs/libfreenect2/include/internal,
					../../../addons/ofxKinectV2/libs/libfreenect2/include/internal/CL,
					../../../addons/ofxKinectV2/libs/libfreenect2/include/internal/libfreenect2,
					../../../addons/ofxKinectV2/libs/libfreenect2/include/internal/libfreenect2/protocol,
					../../../addons/ofxKinectV2/libs/libfreenect2/include/internal/libfreenect2/usb,
					../../../addons/ofxKinectV2/libs/libfreenect2/include/libfreenect2,
					../../../addons/ofxKinectV2/libs/libfreenect2/src,
					../../../addons/ofxKinectV2/libs/libfreenect2/src/shader,
					../../../addons/ofxKinectV2/libs/libusb,
					../../../addons/ofxKinectV2/libs/libusb/include,
					../../../addons/ofxKinectV2/libs/libusb/include/libusb,
					../../../addons/ofxKinectV2/libs/libusb/include/libusb/os,
					../../../addons/ofxKinectV2/libs/libusb/lib,
					../../../addons/ofxKinectV2/libs/libusb/lib/osx,
					../../../addons/ofxKinectV2/libs/protonect,
					../../../addons/ofxKinectV2/src,
				);
				MACOSX_DEPLOYMENT_TARGET = 10.8;
				ONLY_ACTIVE_ARCH = YES;
				OTHER_CPLUSPLUSFLAGS = (
					"-D__MACOSX_CORE__",
					"-mtune=native",
				);
				OTHER_LDFLAGS = (
					"$(OF_CORE_FRAMEWORKS)",
					"$(OF_CORE_LIBS)",
					"../../../addons/ofxKinectV2/libs/libusb/lib/osx/usb-1.0.0-latest-superspeed.a",
				);
				SDKROOT = macosx;
			};
			name = Debug;
		};
		E4B69B4F0A3A1720003C02F2 /* Release */ = {
			isa = XCBuildConfiguration;
			baseConfigurationReference = E4EB6923138AFD0F00A09F29 /* Project.xcconfig */;
			buildSettings = {
				CONFIGURATION_BUILD_DIR = "$(SRCROOT)/bin/";
				COPY_PHASE_STRIP = YES;
				DEAD_CODE_STRIPPING = YES;
				GCC_AUTO_VECTORIZATION = YES;
				GCC_ENABLE_SSE3_EXTENSIONS = YES;
				GCC_ENABLE_SUPPLEMENTAL_SSE3_INSTRUCTIONS = YES;
				GCC_INLINES_ARE_PRIVATE_EXTERN = NO;
				GCC_OPTIMIZATION_LEVEL = 3;
				GCC_SYMBOLS_PRIVATE_EXTERN = NO;
				GCC_UNROLL_LOOPS = YES;
				GCC_WARN_ABOUT_DEPRECATED_FUNCTIONS = YES;
				GCC_WARN_ABOUT_INVALID_OFFSETOF_MACRO = NO;
				GCC_WARN_ALLOW_INCOMPLETE_PROTOCOL = NO;
				GCC_WARN_UNINITIALIZED_AUTOS = NO;
				GCC_WARN_UNUSED_VALUE = NO;
				GCC_WARN_UNUSED_VARIABLE = NO;
				HEADER_SEARCH_PATHS = (
					"$(OF_CORE_HEADERS)",
					../../../addons/ofxKinectV2/libs,
					../../../addons/ofxKinectV2/libs/libfreenect2,
					../../../addons/ofxKinectV2/libs/libfreenect2/include,
					../../../addons/ofxKinectV2/libs/libfreenect2/include/internal,
					../../../addons/ofxKinectV2/libs/libfreenect2/include/internal/CL,
					../../../addons/ofxKinectV2/libs/libfreenect2/include/internal/libfreenect2,
					../../../addons/ofxKinectV2/libs/libfreenect2/include/internal/libfreenect2/protocol,
					../../../addons/ofxKinectV2/libs/libfreenect2/include/internal/libfreenect2/usb,
					../../../addons/ofxKinectV2/libs/libfreenect2/include/libfreenect2,
					../../../addons/ofxKinectV2/libs/libfreenect2/src,
					../../../addons/ofxKinectV2/libs/libfreenect2/src/shader,
					../../../addons/ofxKinectV2/libs/libusb,
					../../../addons/ofxKinectV2/libs/libusb/include,
					../../../addons/ofxKinectV2/libs/libusb/include/libusb,
					../../../addons/ofxKinectV2/libs/libusb/include/libusb/os,
					../../../addons/ofxKinectV2/libs/libusb/lib,
					../../../addons/ofxKinectV2/libs/libusb/lib/osx,
					../../../addons/ofxKinectV2/libs/protonect,
					../../../addons/ofxKinectV2/src,
				);
				MACOSX_DEPLOYMENT_TARGET = 10.8;
				OTHER_CPLUSPLUSFLAGS = (
					"-D__MACOSX_CORE__",
					"-mtune=native",
				);
				OTHER_LDFLAGS = (
					"$(OF_CORE_FRAMEWORKS)",
					"$(OF_CORE_LIBS)",
					"../../../addons/ofxKinectV2/libs/libusb/lib/osx/usb-1.0.0-latest-superspeed.a",
				);
				SDKROOT = macosx;
			};
			name = Release;
		};
		E4B69B600A3A1757003C02F2 /* Debug */ = {
			isa = XCBuildConfiguration;
			baseConfigurationReference = E4EB6923138AFD0F00A09F29 /* Project.xcconfig */;
			buildSettings = {
				COMBINE_HIDPI_IMAGES = YES;
				COPY_PHASE_STRIP = NO;
				FRAMEWORK_SEARCH_PATHS = (
					"$(inherited)",
					"$(FRAMEWORK_SEARCH_PATHS_QUOTED_FOR_TARGET_1)",
				);
				FRAMEWORK_SEARCH_PATHS_QUOTED_FOR_TARGET_1 = "\"$(SRCROOT)/../../../libs/glut/lib/osx\"";
				GCC_DYNAMIC_NO_PIC = NO;
				GCC_GENERATE_DEBUGGING_SYMBOLS = YES;
				GCC_MODEL_TUNING = NONE;
				HEADER_SEARCH_PATHS = (
					"$(OF_CORE_HEADERS)",
					../../../addons/ofxKinectV2/libs,
					../../../addons/ofxKinectV2/libs/libfreenect2,
					../../../addons/ofxKinectV2/libs/libfreenect2/include,
					../../../addons/ofxKinectV2/libs/libfreenect2/include/internal,
					../../../addons/ofxKinectV2/libs/libfreenect2/include/internal/CL,
					../../../addons/ofxKinectV2/libs/libfreenect2/include/internal/libfreenect2,
					../../../addons/ofxKinectV2/libs/libfreenect2/include/internal/libfreenect2/protocol,
					../../../addons/ofxKinectV2/libs/libfreenect2/include/internal/libfreenect2/usb,
					../../../addons/ofxKinectV2/libs/libfreenect2/include/libfreenect2,
					../../../addons/ofxKinectV2/libs/libfreenect2/src,
					../../../addons/ofxKinectV2/libs/libfreenect2/src/shader,
					../../../addons/ofxKinectV2/libs/libusb,
					../../../addons/ofxKinectV2/libs/libusb/include,
					../../../addons/ofxKinectV2/libs/libusb/include/libusb,
					../../../addons/ofxKinectV2/libs/libusb/include/libusb/os,
					../../../addons/ofxKinectV2/libs/libusb/lib,
					../../../addons/ofxKinectV2/libs/libusb/lib/osx,
					../../../addons/ofxKinectV2/libs/protonect,
					../../../addons/ofxKinectV2/src,
				);
				ICON = "$(ICON_NAME_DEBUG)";
				ICON_FILE = "$(ICON_FILE_PATH)$(ICON)";
				INFOPLIST_FILE = "openFrameworks-Info.plist";
				INSTALL_PATH = "$(HOME)/Applications";
				LIBRARY_SEARCH_PATHS = "$(inherited)";
				OTHER_LDFLAGS = (
					"$(OF_CORE_FRAMEWORKS)",
					"$(OF_CORE_LIBS)",
					"../../../addons/ofxKinectV2/libs/libusb/lib/osx/usb-1.0.0-latest-superspeed.a",
				);
				PRODUCT_NAME = "$(TARGET_NAME)Debug";
				WRAPPER_EXTENSION = app;
			};
			name = Debug;
		};
		E4B69B610A3A1757003C02F2 /* Release */ = {
			isa = XCBuildConfiguration;
			baseConfigurationReference = E4EB6923138AFD0F00A09F29 /* Project.xcconfig */;
			buildSettings = {
				COMBINE_HIDPI_IMAGES = YES;
				COPY_PHASE_STRIP = YES;
				FRAMEWORK_SEARCH_PATHS = (
					"$(inherited)",
					"$(FRAMEWORK_SEARCH_PATHS_QUOTED_FOR_TARGET_1)",
				);
				FRAMEWORK_SEARCH_PATHS_QUOTED_FOR_TARGET_1 = "\"$(SRCROOT)/../../../libs/glut/lib/osx\"";
				GCC_GENERATE_DEBUGGING_SYMBOLS = YES;
				GCC_MODEL_TUNING = NONE;
				HEADER_SEARCH_PATHS = (
					"$(OF_CORE_HEADERS)",
					../../../addons/ofxKinectV2/libs,
					../../../addons/ofxKinectV2/libs/libfreenect2,
					../../../addons/ofxKinectV2/libs/libfreenect2/include,
					../../../addons/ofxKinectV2/libs/libfreenect2/include/internal,
					../../../addons/ofxKinectV2/libs/libfreenect2/include/internal/CL,
					../../../addons/ofxKinectV2/libs/libfreenect2/include/internal/libfreenect2,
					../../../addons/ofxKinectV2/libs/libfreenect2/include/internal/libfreenect2/protocol,
					../../../addons/ofxKinectV2/libs/libfreenect2/include/internal/libfreenect2/usb,
					../../../addons/ofxKinectV2/libs/libfreenect2/include/libfreenect2,
					../../../addons/ofxKinectV2/libs/libfreenect2/src,
					../../../addons/ofxKinectV2/libs/libfreenect2/src/shader,
					../../../addons/ofxKinectV2/libs/libusb,
					../../../addons/ofxKinectV2/libs/libusb/include,
					../../../addons/ofxKinectV2/libs/libusb/include/libusb,
					../../../addons/ofxKinectV2/libs/libusb/include/libusb/os,
					../../../addons/ofxKinectV2/libs/libusb/lib,
					../../../addons/ofxKinectV2/libs/libusb/lib/osx,
					../../../addons/ofxKinectV2/libs/protonect,
					../../../addons/ofxKinectV2/src,
				);
				ICON = "$(ICON_NAME_RELEASE)";
				ICON_FILE = "$(ICON_FILE_PATH)$(ICON)";
				INFOPLIST_FILE = "openFrameworks-Info.plist";
				INSTALL_PATH = "$(HOME)/Applications";
				LIBRARY_SEARCH_PATHS = "$(inherited)";
				OTHER_LDFLAGS = (
					"$(OF_CORE_FRAMEWORKS)",
					"$(OF_CORE_LIBS)",
					"../../../addons/ofxKinectV2/libs/libusb/lib/osx/usb-1.0.0-latest-superspeed.a",
				);
				PRODUCT_NAME = "$(TARGET_NAME)";
				WRAPPER_EXTENSION = app;
				baseConfigurationReference = E4EB6923138AFD0F00A09F29;
			};
			name = Release;
		};
/* End XCBuildConfiguration section */

/* Begin XCConfigurationList section */
		E4B69B4D0A3A1720003C02F2 /* Build configuration list for PBXProject "ofxKinectV2Example" */ = {
			isa = XCConfigurationList;
			buildConfigurations = (
				E4B69B4E0A3A1720003C02F2 /* Debug */,
				E4B69B4F0A3A1720003C02F2 /* Release */,
			);
			defaultConfigurationIsVisible = 0;
			defaultConfigurationName = Release;
		};
		E4B69B5F0A3A1757003C02F2 /* Build configuration list for PBXNativeTarget "ofxKinectV2Example" */ = {
			isa = XCConfigurationList;
			buildConfigurations = (
				E4B69B600A3A1757003C02F2 /* Debug */,
				E4B69B610A3A1757003C02F2 /* Release */,
			);
			defaultConfigurationIsVisible = 0;
			defaultConfigurationName = Release;
		};
/* End XCConfigurationList section */
	};
	rootObject = E4B69B4C0A3A1720003C02F2 /* Project object */;
}
